
Microsoft Visual Studio Solution File, Format Version 12.00
# Visual Studio Version 17
VisualStudioVersion = 17.7.34018.315
MinimumVisualStudioVersion = 10.0.40219.1
Project("{FAE04EC0-301F-11D3-BF4B-00C04F79EFBC}") = "Converciones", "Converciones.csproj", "{661453F2-B20D-424F-AB2A-C1CF53DF92CA}"
EndProject
Global
	GlobalSection(SolutionConfigurationPlatforms) = preSolution
		Debug|Any CPU = Debug|Any CPU
		Release|Any CPU = Release|Any CPU
	EndGlobalSection
	GlobalSection(ProjectConfigurationPlatforms) = postSolution
		{661453F2-B20D-424F-AB2A-C1CF53DF92CA}.Debug|Any CPU.ActiveCfg = Debug|Any CPU
		{661453F2-B20D-424F-AB2A-C1CF53DF92CA}.Debug|Any CPU.Build.0 = Debug|Any CPU
		{661453F2-B20D-424F-AB2A-C1CF53DF92CA}.Release|Any CPU.ActiveCfg = Release|Any CPU
		{661453F2-B20D-424F-AB2A-C1CF53DF92CA}.Release|Any CPU.Build.0 = Release|Any CPU
	EndGlobalSection
	GlobalSection(SolutionProperties) = preSolution
		HideSolutionNode = FALSE
	EndGlobalSection
	GlobalSection(ExtensibilityGlobals) = postSolution
		SolutionGuid = {304B9325-E6F7-439A-9C69-0FA11B4ED64F}
	EndGlobalSection
EndGlobal
